# This file is automatically @generated by Cargo.
# It is not intended for manual editing.
version = 3

[[package]]
name = "aho-corasick"
version = "0.7.20"
source = "registry+https://github.com/rust-lang/crates.io-index"
checksum = "cc936419f96fa211c1b9166887b38e5e40b19958e5b895be7c1f93adec7071ac"
dependencies = [
 "memchr",
]

[[package]]
name = "cfg-if"
version = "1.0.0"
source = "registry+https://github.com/rust-lang/crates.io-index"
checksum = "baf1de4339761588bc0619e3cbc0120ee582ebb74b53b4efbf79117bd2da40fd"

[[package]]
name = "const_fn"
version = "0.4.9"
source = "registry+https://github.com/rust-lang/crates.io-index"
checksum = "fbdcdcb6d86f71c5e97409ad45898af11cbc995b4ee8112d59095a28d376c935"

[[package]]
name = "dependabot"
version = "0.1.0"
dependencies = [
 "itoa",
 "rand",
 "regex",
 "time",
]

[[package]]
name = "easy-ext"
version = "0.2.9"
source = "registry+https://github.com/rust-lang/crates.io-index"
checksum = "53aff6fdc1b181225acdcb5b14c47106726fd8e486707315b1b138baed68ee31"

[[package]]
name = "getrandom"
version = "0.2.9"
source = "registry+https://github.com/rust-lang/crates.io-index"
checksum = "c85e1d9ab2eadba7e5040d4e09cbd6d072b76a557ad64e797c2cb9d4da21d7e4"
dependencies = [
 "cfg-if",
 "libc",
 "wasi",
]

[[package]]
name = "itoa"
version = "1.0.5"
source = "git+https://github.com/dtolnay/itoa.git?tag=1.0.5#ef4faeda61024dfb38b3897e46aeda8140828dc6"

[[package]]
name = "libc"
version = "0.2.141"
source = "registry+https://github.com/rust-lang/crates.io-index"
checksum = "3304a64d199bb964be99741b7a14d26972741915b3649639149b2479bb46f4b5"

[[package]]
name = "memchr"
version = "2.5.0"
source = "registry+https://github.com/rust-lang/crates.io-index"
checksum = "2dffe52ecf27772e601905b7522cb4ef790d2cc203488bbd0e2fe85fcb74566d"

[[package]]
name = "ppv-lite86"
version = "0.2.17"
source = "registry+https://github.com/rust-lang/crates.io-index"
checksum = "5b40af805b3121feab8a3c29f04d8ad262fa8e0561883e7653e024ae4479e6de"

[[package]]
name = "rand"
version = "0.8.4"
source = "git+ssh://git@github.com/rust-random/rand.git?tag=0.8.4#8792268dfe57e49bb4518190bf4fe66176759a44"
dependencies = [
 "libc",
 "rand_chacha",
 "rand_core",
 "rand_hc",
]

[[package]]
name = "rand_chacha"
version = "0.3.1"
source = "git+ssh://git@github.com/rust-random/rand.git?tag=0.8.4#8792268dfe57e49bb4518190bf4fe66176759a44"
dependencies = [
 "ppv-lite86",
 "rand_core",
]

[[package]]
name = "rand_core"
version = "0.6.3"
source = "git+ssh://git@github.com/rust-random/rand.git?tag=0.8.4#8792268dfe57e49bb4518190bf4fe66176759a44"
dependencies = [
 "getrandom",
]

[[package]]
name = "rand_hc"
version = "0.3.1"
source = "git+ssh://git@github.com/rust-random/rand.git?tag=0.8.4#8792268dfe57e49bb4518190bf4fe66176759a44"
dependencies = [
 "rand_core",
]

[[package]]
name = "regex"
version = "1.6.0"
source = "registry+https://github.com/rust-lang/crates.io-index"
checksum = "4c4eb3267174b8c6c2f654116623910a0fef09c4753f8dd83db29c48a0df988b"
dependencies = [
 "aho-corasick",
 "memchr",
 "regex-syntax",
]

[[package]]
name = "regex-syntax"
version = "0.6.29"
source = "registry+https://github.com/rust-lang/crates.io-index"
checksum = "f162c6dd7b008981e4d40210aca20b4bd0f9b60ca9271061b07f78537722f2e1"

[[package]]
name = "standback"
version = "0.3.5"
source = "registry+https://github.com/rust-lang/crates.io-index"
checksum = "a66b810a718e8ba519476ec4df79e2f380f568b83106b812b8182090e4bfba8d"
dependencies = [
 "easy-ext",
 "version_check",
]

[[package]]
name = "time"
version = "0.3.0-alpha-2"
source = "registry+https://github.com/rust-lang/crates.io-index"
checksum = "0f906d7af3f9c93ef57452c3c7d577f0dcfa1700516dcd15c7ba75ede4f0ed08"
dependencies = [
 "const_fn",
 "libc",
 "standback",
]

[[package]]
name = "version_check"
version = "0.9.4"
source = "registry+https://github.com/rust-lang/crates.io-index"
checksum = "49874b5167b65d7193b8aba1567f5c7d93d001cafc34600cee003eda787e483f"

[[package]]
name = "wasi"
version = "0.11.0+wasi-snapshot-preview1"
source = "registry+https://github.com/rust-lang/crates.io-index"
checksum = "9c8d87e72b64a3b4db28d11ce29237c246188f4f51057d65a7eab63b7987e423"
