{
  "name": "my-angular",
  "version": "0.0.0",
  "lockfileVersion": 3,
  "requires": true,
  "packages": {
    "": {
      "name": "my-angular",
      "version": "0.0.0",
      "dependencies": {
        "@angular/animations": "15.0.0",
        "@angular/common": "15.0.0",
        "@angular/compiler": "15.0.0",
        "@angular/core": "15.0.0",
        "@angular/forms": "15.0.0",
        "@angular/platform-browser": "15.0.0",
        "@angular/platform-browser-dynamic": "15.0.0",
        "@angular/router": "15.0.0"
      }
    },
    "node_modules/@angular/animations": {
      "version": "15.0.0",
      "resolved": "https://registry.npmjs.org/@angular/animations/-/animations-15.0.0.tgz",
      "integrity": "sha512-AEtVjsmKb/kFLlnP3/+wuEgrL8bJD0L4gpetU6QCWR1G3im6yEbatbn2OkWenTS65F9maZNc9T5yK09ZRPwr9Q==",
      "dependencies": {
        "tslib": "^2.3.0"
      },
      "engines": {
        "node": "^14.20.0 || ^16.13.0 || >=18.10.0"
      },
      "peerDependencies": {
        "@angular/core": "15.0.0"
      }
    },
    "node_modules/@angular/common": {
      "version": "15.0.0",
      "resolved": "https://registry.npmjs.org/@angular/common/-/common-15.0.0.tgz",
      "integrity": "sha512-8NVZE4tSDFQ8YzCFb1BiDDfVdVDZWoP4Z35K0PcjpGromTFs3qKk/Ho0JCdmFTU+yfXLMZe/OsYZoE2mMKGChQ==",
      "dependencies": {
        "tslib": "^2.3.0"
      },
      "engines": {
        "node": "^14.20.0 || ^16.13.0 || >=18.10.0"
      },
      "peerDependencies": {
        "@angular/core": "15.0.0",
        "rxjs": "^6.5.3 || ^7.4.0"
      }
    },
    "node_modules/@angular/compiler": {
      "version": "15.0.0",
      "resolved": "https://registry.npmjs.org/@angular/compiler/-/compiler-15.0.0.tgz",
      "integrity": "sha512-k+tsyKpbPvumBr0qtGZ/bisoq/1evvTa6dCUR126Yb1bX0HlBodwIqu9Xjh3nY90hMak+3zHznj6kJB83LoLeA==",
      "dependencies": {
        "tslib": "^2.3.0"
      },
      "engines": {
        "node": "^14.20.0 || ^16.13.0 || >=18.10.0"
      },
      "peerDependencies": {
        "@angular/core": "15.0.0"
      },
      "peerDependenciesMeta": {
        "@angular/core": {
          "optional": true
        }
      }
    },
    "node_modules/@angular/core": {
      "version": "15.0.0",
      "resolved": "https://registry.npmjs.org/@angular/core/-/core-15.0.0.tgz",
      "integrity": "sha512-Hek8L/1XrU1LPN4qmKJiNdYz96ju/yPWvrFjqvrDHjWEenIfxjJohjRwL+ZzICZiEwfnR6y3QGvv4OBY96oTGw==",
      "dependencies": {
        "tslib": "^2.3.0"
      },
      "engines": {
        "node": "^14.20.0 || ^16.13.0 || >=18.10.0"
      },
      "peerDependencies": {
        "rxjs": "^6.5.3 || ^7.4.0",
        "zone.js": "~0.11.4 || ~0.12.0"
      }
    },
    "node_modules/@angular/forms": {
      "version": "15.0.0",
      "resolved": "https://registry.npmjs.org/@angular/forms/-/forms-15.0.0.tgz",
      "integrity": "sha512-/l6oiSNrBnaLlqHxTlrb0pNW41fUFDB+ctohKKVT3AOe/79xfUCQwyzEUjOMdoo5TBJUoRT8EhKaOgSUHfPymQ==",
      "dependencies": {
        "tslib": "^2.3.0"
      },
      "engines": {
        "node": "^14.20.0 || ^16.13.0 || >=18.10.0"
      },
      "peerDependencies": {
        "@angular/common": "15.0.0",
        "@angular/core": "15.0.0",
        "@angular/platform-browser": "15.0.0",
        "rxjs": "^6.5.3 || ^7.4.0"
      }
    },
    "node_modules/@angular/platform-browser": {
      "version": "15.0.0",
      "resolved": "https://registry.npmjs.org/@angular/platform-browser/-/platform-browser-15.0.0.tgz",
      "integrity": "sha512-N+Ct6c3gj17a/X5MDi+Zc3BFnHv0AnGQ5k5pvo3BasesEf0dmXSXzTtv28Z/gS5qFK/0i9h8QvfKrRsNSPM78A==",
      "dependencies": {
        "tslib": "^2.3.0"
      },
      "engines": {
        "node": "^14.20.0 || ^16.13.0 || >=18.10.0"
      },
      "peerDependencies": {
        "@angular/animations": "15.0.0",
        "@angular/common": "15.0.0",
        "@angular/core": "15.0.0"
      },
      "peerDependenciesMeta": {
        "@angular/animations": {
          "optional": true
        }
      }
    },
    "node_modules/@angular/platform-browser-dynamic": {
      "version": "15.0.0",
      "resolved": "https://registry.npmjs.org/@angular/platform-browser-dynamic/-/platform-browser-dynamic-15.0.0.tgz",
      "integrity": "sha512-1Nlwakhr2tZVjgzS4dywJpmqoeyQNImheR6yQ/7E5qAeCawu13SiK4z1ZojiVZ4wrmrtpivzJs7JonXWdMOzag==",
      "dependencies": {
        "tslib": "^2.3.0"
      },
      "engines": {
        "node": "^14.20.0 || ^16.13.0 || >=18.10.0"
      },
      "peerDependencies": {
        "@angular/common": "15.0.0",
        "@angular/compiler": "15.0.0",
        "@angular/core": "15.0.0",
        "@angular/platform-browser": "15.0.0"
      }
    },
    "node_modules/@angular/router": {
      "version": "15.0.0",
      "resolved": "https://registry.npmjs.org/@angular/router/-/router-15.0.0.tgz",
      "integrity": "sha512-dm70pydJKmYsb52BWGeemfRHYUcizszAgCZ/XRfooS9t82dn7rr4f/Mz6bTPadT6sGCO/asOKLYo7gxeEZTQaQ==",
      "dependencies": {
        "tslib": "^2.3.0"
      },
      "engines": {
        "node": "^14.20.0 || ^16.13.0 || >=18.10.0"
      },
      "peerDependencies": {
        "@angular/common": "15.0.0",
        "@angular/core": "15.0.0",
        "@angular/platform-browser": "15.0.0",
        "rxjs": "^6.5.3 || ^7.4.0"
      }
    },
    "node_modules/rxjs": {
      "version": "7.8.1",
      "resolved": "https://registry.npmjs.org/rxjs/-/rxjs-7.8.1.tgz",
      "integrity": "sha512-AA3TVj+0A2iuIoQkWEK/tqFjBq2j+6PO6Y0zJcvzLAFhEFIO3HL0vls9hWLncZbAAbK0mar7oZ4V079I/qPMxg==",
      "peer": true,
      "dependencies": {
        "tslib": "^2.1.0"
      }
    },
    "node_modules/tslib": {
      "version": "2.6.1",
      "resolved": "https://registry.npmjs.org/tslib/-/tslib-2.6.1.tgz",
      "integrity": "sha512-t0hLfiEKfMUoqhG+U1oid7Pva4bbDPHYfJNiB7BiIjRkj1pyC++4N3huJfqY6aRH6VTB0rvtzQwjM4K6qpfOig=="
    },
    "node_modules/zone.js": {
      "version": "0.12.0",
      "resolved": "https://registry.npmjs.org/zone.js/-/zone.js-0.12.0.tgz",
      "integrity": "sha512-XtC+I5dXU14HrzidAKBNMqneIVUykLEAA1x+v4KVrd6AUPWlwYORF8KgsVqvgdHiKZ4BkxxjvYi/ksEixTPR0Q==",
      "peer": true,
      "dependencies": {
        "tslib": "^2.3.0"
      }
    }
  }
}
