{
  "lockfile_version": "1",
  "packages": {
    "ripgrep@14.1.0": {
      "last_modified": "2024-08-31T02:45:43Z",
      "resolved": "github:NixOS/nixpkgs/5629520edecb69630a3f4d17d3d33fc96c13f6fe#ripgrep",
      "source": "devbox-search",
      "version": "14.1.0",
      "systems": {
        "aarch64-darwin": {
          "outputs": [
            {
              "name": "out",
              "path": "/nix/store/acs4kp4s0p7zh706r039pvbbdq4s900a-ripgrep-14.1.0",
              "default": true
            }
          ],
          "store_path": "/nix/store/acs4kp4s0p7zh706r039pvbbdq4s900a-ripgrep-14.1.0"
        },
        "x86_64-linux": {
          "outputs": [
            {
              "name": "out",
              "path": "/nix/store/placeholder-ripgrep-14.1.0-x86_64-linux",
              "default": true
            }
          ],
          "store_path": "/nix/store/placeholder-ripgrep-14.1.0-x86_64-linux"
        }
      }
    }
  }
}
