
Microsoft Visual Studio Solution File, Format Version 12.00
# Visual Studio Version 17
VisualStudioVersion = 17.0.31903.59
MinimumVisualStudioVersion = 10.0.40219.1
Project("{FAE04EC0-301F-11D3-BF4B-00C04F79EFBC}") = "library", "library\library.csproj", "{70D84F09-B3C3-4950-9333-0EB228B1CBAE}"
EndProject
Project("{FAE04EC0-301F-11D3-BF4B-00C04F79EFBC}") = "project", "project\project.csproj", "{A573C77E-BA32-43D7-BCB9-A642600C6470}"
EndProject
Global
	GlobalSection(SolutionConfigurationPlatforms) = preSolution
		Debug|Any CPU = Debug|Any CPU
		Release|Any CPU = Release|Any CPU
	EndGlobalSection
	GlobalSection(SolutionProperties) = preSolution
		HideSolutionNode = FALSE
	EndGlobalSection
	GlobalSection(ProjectConfigurationPlatforms) = postSolution
		{70D84F09-B3C3-4950-9333-0EB228B1CBAE}.Debug|Any CPU.ActiveCfg = Debug|Any CPU
		{70D84F09-B3C3-4950-9333-0EB228B1CBAE}.Debug|Any CPU.Build.0 = Debug|Any CPU
		{70D84F09-B3C3-4950-9333-0EB228B1CBAE}.Release|Any CPU.ActiveCfg = Release|Any CPU
		{70D84F09-B3C3-4950-9333-0EB228B1CBAE}.Release|Any CPU.Build.0 = Release|Any CPU
		{A573C77E-BA32-43D7-BCB9-A642600C6470}.Debug|Any CPU.ActiveCfg = Debug|Any CPU
		{A573C77E-BA32-43D7-BCB9-A642600C6470}.Debug|Any CPU.Build.0 = Debug|Any CPU
		{A573C77E-BA32-43D7-BCB9-A642600C6470}.Release|Any CPU.ActiveCfg = Release|Any CPU
		{A573C77E-BA32-43D7-BCB9-A642600C6470}.Release|Any CPU.Build.0 = Release|Any CPU
	EndGlobalSection
EndGlobal
