
Microsoft Visual Studio Solution File, Format Version 12.00
# Visual Studio Version 17
VisualStudioVersion = 17.4.33110.190
MinimumVisualStudioVersion = 10.0.40219.1
Project("{9A19103F-16F7-4668-BE54-9A1E7A4F7556}") = "A", "A\A.csproj", "{3F99BF42-C126-4001-9298-5B63E694344D}"
EndProject
Project("{9A19103F-16F7-4668-BE54-9A1E7A4F7556}") = "B", "B\B.csproj", "{38958AB3-B902-478A-9313-A3818C07AE0A}"
EndProject
Global
	GlobalSection(SolutionConfigurationPlatforms) = preSolution
		Debug|Any CPU = Debug|Any CPU
		Release|Any CPU = Release|Any CPU
	EndGlobalSection
	GlobalSection(ProjectConfigurationPlatforms) = postSolution
		{3F99BF42-C126-4001-9298-5B63E694344D}.Debug|Any CPU.ActiveCfg = Debug|Any CPU
		{3F99BF42-C126-4001-9298-5B63E694344D}.Debug|Any CPU.Build.0 = Debug|Any CPU
		{3F99BF42-C126-4001-9298-5B63E694344D}.Release|Any CPU.ActiveCfg = Release|Any CPU
		{3F99BF42-C126-4001-9298-5B63E694344D}.Release|Any CPU.Build.0 = Release|Any CPU
		{38958AB3-B902-478A-9313-A3818C07AE0A}.Debug|Any CPU.ActiveCfg = Debug|Any CPU
		{38958AB3-B902-478A-9313-A3818C07AE0A}.Debug|Any CPU.Build.0 = Debug|Any CPU
		{38958AB3-B902-478A-9313-A3818C07AE0A}.Release|Any CPU.ActiveCfg = Release|Any CPU
		{38958AB3-B902-478A-9313-A3818C07AE0A}.Release|Any CPU.Build.0 = Release|Any CPU
	EndGlobalSection
	GlobalSection(SolutionProperties) = preSolution
		HideSolutionNode = FALSE
	EndGlobalSection
	GlobalSection(ExtensibilityGlobals) = postSolution
		SolutionGuid = {38619624-AF96-47E1-AFFE-7B38633F39CF}
	EndGlobalSection
EndGlobal
