{
  "nodes": {
    "flake-compat": {
      "locked": {
        "lastModified": 1696267196,
        "narHash": "sha256-AAQ/2sD+0D18bb8hKuEEVpHUYD1GmO2Uh/taFamn6XQ=",
        "owner": "edolstra",
        "repo": "flake-compat",
        "rev": "4f910c9827911b1ec2bf26b5a062cd09f8d89f85",
        "type": "github"
      },
      "original": {
        "owner": "edolstra",
        "ref": "v1.0.0",
        "repo": "flake-compat",
        "type": "github"
      }
    },
    "root": {
      "inputs": {
        "flake-compat": "flake-compat"
      }
    }
  },
  "root": "root",
  "version": 7
}
