
Microsoft Visual Studio Solution File, Format Version 12.00
# Visual Studio Version 17
VisualStudioVersion = 17.10.35027.167
MinimumVisualStudioVersion = 10.0.40219.1
Project("{9A19103F-16F7-4668-BE54-9A1E7A4F7556}") = "dep-is-top-level", "dep-is-top-level\dep-is-top-level.csproj", "{4A3B8D8A-A585-4593-8AF3-DED05AE3C40F}"
EndProject
Project("{9A19103F-16F7-4668-BE54-9A1E7A4F7556}") = "dep-is-transitive", "dep-is-transitive\dep-is-transitive.csproj", "{271E533C-8A44-4572-8C18-CD65A79F8658}"
EndProject
Global
	GlobalSection(SolutionConfigurationPlatforms) = preSolution
		Debug|Any CPU = Debug|Any CPU
		Release|Any CPU = Release|Any CPU
	EndGlobalSection
	GlobalSection(ProjectConfigurationPlatforms) = postSolution
		{4A3B8D8A-A585-4593-8AF3-DED05AE3C40F}.Debug|Any CPU.ActiveCfg = Debug|Any CPU
		{4A3B8D8A-A585-4593-8AF3-DED05AE3C40F}.Debug|Any CPU.Build.0 = Debug|Any CPU
		{4A3B8D8A-A585-4593-8AF3-DED05AE3C40F}.Release|Any CPU.ActiveCfg = Release|Any CPU
		{4A3B8D8A-A585-4593-8AF3-DED05AE3C40F}.Release|Any CPU.Build.0 = Release|Any CPU
		{271E533C-8A44-4572-8C18-CD65A79F8658}.Debug|Any CPU.ActiveCfg = Debug|Any CPU
		{271E533C-8A44-4572-8C18-CD65A79F8658}.Debug|Any CPU.Build.0 = Debug|Any CPU
		{271E533C-8A44-4572-8C18-CD65A79F8658}.Release|Any CPU.ActiveCfg = Release|Any CPU
		{271E533C-8A44-4572-8C18-CD65A79F8658}.Release|Any CPU.Build.0 = Release|Any CPU
	EndGlobalSection
	GlobalSection(SolutionProperties) = preSolution
		HideSolutionNode = FALSE
	EndGlobalSection
	GlobalSection(ExtensibilityGlobals) = postSolution
		SolutionGuid = {EE5BDEF7-1D4D-4773-9659-FC4A3846CD6D}
	EndGlobalSection
EndGlobal
